// !$*UTF8*$!
{
	archiveVersion = 1;
	classes = {
	};
	objectVersion = 51;
	objects = {

/* Begin PBXBuildFile section */
		7D1830CB5ECA7CD538B83205 /* libPods-iBike_home.a in Frameworks */ = {isa = PBXBuildFile; fileRef = B6D704CA9A1252D167D4EEC2 /* libPods-iBike_home.a */; };
		831ED0FF246ADE01000FA5E5 /* AppDelegate.swift in Sources */ = {isa = PBXBuildFile; fileRef = 831ED0FE246ADE01000FA5E5 /* AppDelegate.swift */; };
		831ED101246ADE01000FA5E5 /* SceneDelegate.swift in Sources */ = {isa = PBXBuildFile; fileRef = 831ED100246ADE01000FA5E5 /* SceneDelegate.swift */; };
		831ED103246ADE01000FA5E5 /* ViewController.swift in Sources */ = {isa = PBXBuildFile; fileRef = 831ED102246ADE01000FA5E5 /* ViewController.swift */; };
		831ED106246ADE01000FA5E5 /* Main.storyboard in Resources */ = {isa = PBXBuildFile; fileRef = 831ED104246ADE01000FA5E5 /* Main.storyboard */; };
		831ED108246ADE03000FA5E5 /* Assets.xcassets in Resources */ = {isa = PBXBuildFile; fileRef = 831ED107246ADE03000FA5E5 /* Assets.xcassets */; };
		831ED10B246ADE03000FA5E5 /* LaunchScreen.storyboard in Resources */ = {isa = PBXBuildFile; fileRef = 831ED109246ADE03000FA5E5 /* LaunchScreen.storyboard */; };
		831ED17A2479495E000FA5E5 /* SearchTableViewCell.swift in Sources */ = {isa = PBXBuildFile; fileRef = 831ED1792479495E000FA5E5 /* SearchTableViewCell.swift */; };
		831ED17C24794A95000FA5E5 /* SearchPositionViewController.swift in Sources */ = {isa = PBXBuildFile; fileRef = 831ED17B24794A95000FA5E5 /* SearchPositionViewController.swift */; };
		B2D6364D24738D0700CA1878 /* WebViewController.swift in Sources */ = {isa = PBXBuildFile; fileRef = B2D6364C24738D0700CA1878 /* WebViewController.swift */; };
		B2DC1C6C24713FE400229D04 /* bikeTableViewCell.swift in Sources */ = {isa = PBXBuildFile; fileRef = B2DC1C6B24713FE400229D04 /* bikeTableViewCell.swift */; };
		B2DC1C6E2471435D00229D04 /* bikeTableViewController.swift in Sources */ = {isa = PBXBuildFile; fileRef = B2DC1C6D2471435D00229D04 /* bikeTableViewController.swift */; };
		B2DF9BDA246B836A0070308C /* uBikeData.swift in Sources */ = {isa = PBXBuildFile; fileRef = B2DF9BD9246B836A0070308C /* uBikeData.swift */; };
		B2E4A604247E19600080E71E /* directionDraw.swift in Sources */ = {isa = PBXBuildFile; fileRef = B2E4A603247E19600080E71E /* directionDraw.swift */; };
		B2FCE9F92477F00D0007A35A /* SearchTableViewController.swift in Sources */ = {isa = PBXBuildFile; fileRef = B2FCE9F82477F00D0007A35A /* SearchTableViewController.swift */; };
/* End PBXBuildFile section */

/* Begin PBXFileReference section */
		831ED0FB246ADE01000FA5E5 /* iBike_home.app */ = {isa = PBXFileReference; explicitFileType = wrapper.application; includeInIndex = 0; path = iBike_home.app; sourceTree = BUILT_PRODUCTS_DIR; };
		831ED0FE246ADE01000FA5E5 /* AppDelegate.swift */ = {isa = PBXFileReference; lastKnownFileType = sourcecode.swift; path = AppDelegate.swift; sourceTree = "<group>"; };
		831ED100246ADE01000FA5E5 /* SceneDelegate.swift */ = {isa = PBXFileReference; lastKnownFileType = sourcecode.swift; path = SceneDelegate.swift; sourceTree = "<group>"; };
		831ED102246ADE01000FA5E5 /* ViewController.swift */ = {isa = PBXFileReference; lastKnownFileType = sourcecode.swift; path = ViewController.swift; sourceTree = "<group>"; };
		831ED105246ADE01000FA5E5 /* Base */ = {isa = PBXFileReference; lastKnownFileType = file.storyboard; name = Base; path = Base.lproj/Main.storyboard; sourceTree = "<group>"; };
		831ED107246ADE03000FA5E5 /* Assets.xcassets */ = {isa = PBXFileReference; lastKnownFileType = folder.assetcatalog; path = Assets.xcassets; sourceTree = "<group>"; };
		831ED10A246ADE03000FA5E5 /* Base */ = {isa = PBXFileReference; lastKnownFileType = file.storyboard; name = Base; path = Base.lproj/LaunchScreen.storyboard; sourceTree = "<group>"; };
		831ED10C246ADE03000FA5E5 /* Info.plist */ = {isa = PBXFileReference; lastKnownFileType = text.plist.xml; path = Info.plist; sourceTree = "<group>"; };
		831ED1792479495E000FA5E5 /* SearchTableViewCell.swift */ = {isa = PBXFileReference; lastKnownFileType = sourcecode.swift; path = SearchTableViewCell.swift; sourceTree = "<group>"; };
		831ED17B24794A95000FA5E5 /* SearchPositionViewController.swift */ = {isa = PBXFileReference; lastKnownFileType = sourcecode.swift; path = SearchPositionViewController.swift; sourceTree = "<group>"; };
		B2D6364C24738D0700CA1878 /* WebViewController.swift */ = {isa = PBXFileReference; lastKnownFileType = sourcecode.swift; path = WebViewController.swift; sourceTree = "<group>"; };
		B2DC1C6B24713FE400229D04 /* bikeTableViewCell.swift */ = {isa = PBXFileReference; lastKnownFileType = sourcecode.swift; path = bikeTableViewCell.swift; sourceTree = "<group>"; };
		B2DC1C6D2471435D00229D04 /* bikeTableViewController.swift */ = {isa = PBXFileReference; lastKnownFileType = sourcecode.swift; path = bikeTableViewController.swift; sourceTree = "<group>"; };
		B2DF9BD9246B836A0070308C /* uBikeData.swift */ = {isa = PBXFileReference; lastKnownFileType = sourcecode.swift; path = uBikeData.swift; sourceTree = "<group>"; };
		B2E4A603247E19600080E71E /* directionDraw.swift */ = {isa = PBXFileReference; lastKnownFileType = sourcecode.swift; path = directionDraw.swift; sourceTree = "<group>"; };
		B2FCE9F82477F00D0007A35A /* SearchTableViewController.swift */ = {isa = PBXFileReference; lastKnownFileType = sourcecode.swift; path = SearchTableViewController.swift; sourceTree = "<group>"; };
		B6D704CA9A1252D167D4EEC2 /* libPods-iBike_home.a */ = {isa = PBXFileReference; explicitFileType = archive.ar; includeInIndex = 0; path = "libPods-iBike_home.a"; sourceTree = BUILT_PRODUCTS_DIR; };
		B9D84DD09519ED670C3A9E66 /* Pods-iBike_home.debug.xcconfig */ = {isa = PBXFileReference; includeInIndex = 1; lastKnownFileType = text.xcconfig; name = "Pods-iBike_home.debug.xcconfig"; path = "Target Support Files/Pods-iBike_home/Pods-iBike_home.debug.xcconfig"; sourceTree = "<group>"; };
		C2321B6C260E661BD525C844 /* Pods-iBike_home.release.xcconfig */ = {isa = PBXFileReference; includeInIndex = 1; lastKnownFileType = text.xcconfig; name = "Pods-iBike_home.release.xcconfig"; path = "Target Support Files/Pods-iBike_home/Pods-iBike_home.release.xcconfig"; sourceTree = "<group>"; };
/* End PBXFileReference section */

/* Begin PBXFrameworksBuildPhase section */
		831ED0F8246ADE01000FA5E5 /* Frameworks */ = {
			isa = PBXFrameworksBuildPhase;
			buildActionMask = 2147483647;
			files = (
				7D1830CB5ECA7CD538B83205 /* libPods-iBike_home.a in Frameworks */,
			);
			runOnlyForDeploymentPostprocessing = 0;
		};
/* End PBXFrameworksBuildPhase section */

/* Begin PBXGroup section */
		831ED0F2246ADE01000FA5E5 = {
			isa = PBXGroup;
			children = (
				831ED0FD246ADE01000FA5E5 /* iBike_home */,
				831ED0FC246ADE01000FA5E5 /* Products */,
				9E64ECDB025017F5B1284F6B /* Pods */,
				C966BF0E2F907A2826111CCA /* Frameworks */,
			);
			sourceTree = "<group>";
		};
		831ED0FC246ADE01000FA5E5 /* Products */ = {
			isa = PBXGroup;
			children = (
				831ED0FB246ADE01000FA5E5 /* iBike_home.app */,
			);
			name = Products;
			sourceTree = "<group>";
		};
		831ED0FD246ADE01000FA5E5 /* iBike_home */ = {
			isa = PBXGroup;
			children = (
				B2DF9BD6246B830F0070308C /* Model */,
				B2C6FCB3246E7C99003832AB /* View */,
				B2ABB50F2474D5D500F906D6 /* Controller */,
				831ED0FE246ADE01000FA5E5 /* AppDelegate.swift */,
				831ED100246ADE01000FA5E5 /* SceneDelegate.swift */,
				831ED104246ADE01000FA5E5 /* Main.storyboard */,
				831ED107246ADE03000FA5E5 /* Assets.xcassets */,
				831ED109246ADE03000FA5E5 /* LaunchScreen.storyboard */,
				831ED10C246ADE03000FA5E5 /* Info.plist */,
			);
			path = iBike_home;
			sourceTree = "<group>";
		};
		9E64ECDB025017F5B1284F6B /* Pods */ = {
			isa = PBXGroup;
			children = (
				B9D84DD09519ED670C3A9E66 /* Pods-iBike_home.debug.xcconfig */,
				C2321B6C260E661BD525C844 /* Pods-iBike_home.release.xcconfig */,
			);
			path = Pods;
			sourceTree = "<group>";
		};
		B2ABB50F2474D5D500F906D6 /* Controller */ = {
			isa = PBXGroup;
			children = (
				831ED17B24794A95000FA5E5 /* SearchPositionViewController.swift */,
				B2DC1C6D2471435D00229D04 /* bikeTableViewController.swift */,
				B2FCE9F82477F00D0007A35A /* SearchTableViewController.swift */,
				B2D6364C24738D0700CA1878 /* WebViewController.swift */,
				831ED102246ADE01000FA5E5 /* ViewController.swift */,
			);
			path = Controller;
			sourceTree = "<group>";
		};
		B2C6FCB3246E7C99003832AB /* View */ = {
			isa = PBXGroup;
			children = (
				B2DC1C6B24713FE400229D04 /* bikeTableViewCell.swift */,
				831ED1792479495E000FA5E5 /* SearchTableViewCell.swift */,
			);
			path = View;
			sourceTree = "<group>";
		};
		B2DF9BD6246B830F0070308C /* Model */ = {
			isa = PBXGroup;
			children = (
				B2DF9BD9246B836A0070308C /* uBikeData.swift */,
				B2E4A603247E19600080E71E /* directionDraw.swift */,
			);
			path = Model;
			sourceTree = "<group>";
		};
		C966BF0E2F907A2826111CCA /* Frameworks */ = {
			isa = PBXGroup;
			children = (
				B6D704CA9A1252D167D4EEC2 /* libPods-iBike_home.a */,
			);
			name = Frameworks;
			sourceTree = "<group>";
		};
/* End PBXGroup section */

/* Begin PBXNativeTarget section */
		831ED0FA246ADE01000FA5E5 /* iBike_home */ = {
			isa = PBXNativeTarget;
			buildConfigurationList = 831ED10F246ADE03000FA5E5 /* Build configuration list for PBXNativeTarget "iBike_home" */;
			buildPhases = (
				B02FBEE126E156447D3B68BF /* [CP] Check Pods Manifest.lock */,
				831ED0F7246ADE01000FA5E5 /* Sources */,
				831ED0F8246ADE01000FA5E5 /* Frameworks */,
				831ED0F9246ADE01000FA5E5 /* Resources */,
				5484FDC72026756B391F1C62 /* [CP] Copy Pods Resources */,
			);
			buildRules = (
			);
			dependencies = (
			);
			name = iBike_home;
			productName = iBike_home;
			productReference = 831ED0FB246ADE01000FA5E5 /* iBike_home.app */;
			productType = "com.apple.product-type.application";
		};
/* End PBXNativeTarget section */

/* Begin PBXProject section */
		831ED0F3246ADE01000FA5E5 /* Project object */ = {
			isa = PBXProject;
			attributes = {
				LastSwiftUpdateCheck = 1140;
				LastUpgradeCheck = 1140;
				ORGANIZATIONNAME = Chris;
				TargetAttributes = {
					831ED0FA246ADE01000FA5E5 = {
						CreatedOnToolsVersion = 11.4.1;
					};
				};
			};
			buildConfigurationList = 831ED0F6246ADE01000FA5E5 /* Build configuration list for PBXProject "iBike_home" */;
			compatibilityVersion = "Xcode 9.3";
			developmentRegion = en;
			hasScannedForEncodings = 0;
			knownRegions = (
				en,
				Base,
			);
			mainGroup = 831ED0F2246ADE01000FA5E5;
			productRefGroup = 831ED0FC246ADE01000FA5E5 /* Products */;
			projectDirPath = "";
			projectRoot = "";
			targets = (
				831ED0FA246ADE01000FA5E5 /* iBike_home */,
			);
		};
/* End PBXProject section */

/* Begin PBXResourcesBuildPhase section */
		831ED0F9246ADE01000FA5E5 /* Resources */ = {
			isa = PBXResourcesBuildPhase;
			buildActionMask = 2147483647;
			files = (
				831ED10B246ADE03000FA5E5 /* LaunchScreen.storyboard in Resources */,
				831ED108246ADE03000FA5E5 /* Assets.xcassets in Resources */,
				831ED106246ADE01000FA5E5 /* Main.storyboard in Resources */,
			);
			runOnlyForDeploymentPostprocessing = 0;
		};
/* End PBXResourcesBuildPhase section */

/* Begin PBXShellScriptBuildPhase section */
		5484FDC72026756B391F1C62 /* [CP] Copy Pods Resources */ = {
			isa = PBXShellScriptBuildPhase;
			buildActionMask = 2147483647;
			files = (
			);
			inputFileListPaths = (
				"${PODS_ROOT}/Target Support Files/Pods-iBike_home/Pods-iBike_home-resources-${CONFIGURATION}-input-files.xcfilelist",
			);
			name = "[CP] Copy Pods Resources";
			outputFileListPaths = (
				"${PODS_ROOT}/Target Support Files/Pods-iBike_home/Pods-iBike_home-resources-${CONFIGURATION}-output-files.xcfilelist",
			);
			runOnlyForDeploymentPostprocessing = 0;
			shellPath = /bin/sh;
			shellScript = "\"${PODS_ROOT}/Target Support Files/Pods-iBike_home/Pods-iBike_home-resources.sh\"\n";
			showEnvVarsInLog = 0;
		};
		B02FBEE126E156447D3B68BF /* [CP] Check Pods Manifest.lock */ = {
			isa = PBXShellScriptBuildPhase;
			buildActionMask = 2147483647;
			files = (
			);
			inputFileListPaths = (
			);
			inputPaths = (
				"${PODS_PODFILE_DIR_PATH}/Podfile.lock",
				"${PODS_ROOT}/Manifest.lock",
			);
			name = "[CP] Check Pods Manifest.lock";
			outputFileListPaths = (
			);
			outputPaths = (
				"$(DERIVED_FILE_DIR)/Pods-iBike_home-checkManifestLockResult.txt",
			);
			runOnlyForDeploymentPostprocessing = 0;
			shellPath = /bin/sh;
			shellScript = "diff \"${PODS_PODFILE_DIR_PATH}/Podfile.lock\" \"${PODS_ROOT}/Manifest.lock\" > /dev/null\nif [ $? != 0 ] ; then\n    # print error to STDERR\n    echo \"error: The sandbox is not in sync with the Podfile.lock. Run 'pod install' or update your CocoaPods installation.\" >&2\n    exit 1\nfi\n# This output is used by Xcode 'outputs' to avoid re-running this script phase.\necho \"SUCCESS\" > \"${SCRIPT_OUTPUT_FILE_0}\"\n";
			showEnvVarsInLog = 0;
		};
/* End PBXShellScriptBuildPhase section */

/* Begin PBXSourcesBuildPhase section */
		831ED0F7246ADE01000FA5E5 /* Sources */ = {
			isa = PBXSourcesBuildPhase;
			buildActionMask = 2147483647;
			files = (
				B2DF9BDA246B836A0070308C /* uBikeData.swift in Sources */,
				831ED103246ADE01000FA5E5 /* ViewController.swift in Sources */,
				B2DC1C6E2471435D00229D04 /* bikeTableViewController.swift in Sources */,
				831ED0FF246ADE01000FA5E5 /* AppDelegate.swift in Sources */,
				B2D6364D24738D0700CA1878 /* WebViewController.swift in Sources */,
				831ED101246ADE01000FA5E5 /* SceneDelegate.swift in Sources */,
				831ED17C24794A95000FA5E5 /* SearchPositionViewController.swift in Sources */,
				B2FCE9F92477F00D0007A35A /* SearchTableViewController.swift in Sources */,
				B2DC1C6C24713FE400229D04 /* bikeTableViewCell.swift in Sources */,
				B2E4A604247E19600080E71E /* directionDraw.swift in Sources */,
				831ED17A2479495E000FA5E5 /* SearchTableViewCell.swift in Sources */,
			);
			runOnlyForDeploymentPostprocessing = 0;
		};
/* End PBXSourcesBuildPhase section */

/* Begin PBXVariantGroup section */
		831ED104246ADE01000FA5E5 /* Main.storyboard */ = {
			isa = PBXVariantGroup;
			children = (
				831ED105246ADE01000FA5E5 /* Base */,
			);
			name = Main.storyboard;
			sourceTree = "<group>";
		};
		831ED109246ADE03000FA5E5 /* LaunchScreen.storyboard */ = {
			isa = PBXVariantGroup;
			children = (
				831ED10A246ADE03000FA5E5 /* Base */,
			);
			name = LaunchScreen.storyboard;
			sourceTree = "<group>";
		};
/* End PBXVariantGroup section */

/* Begin XCBuildConfiguration section */
		831ED10D246ADE03000FA5E5 /* Debug */ = {
			isa = XCBuildConfiguration;
			buildSettings = {
				ALWAYS_SEARCH_USER_PATHS = NO;
				CLANG_ANALYZER_NONNULL = YES;
				CLANG_ANALYZER_NUMBER_OBJECT_CONVERSION = YES_AGGRESSIVE;
				CLANG_CXX_LANGUAGE_STANDARD = "gnu++14";
				CLANG_CXX_LIBRARY = "libc++";
				CLANG_ENABLE_MODULES = YES;
				CLANG_ENABLE_OBJC_ARC = YES;
				CLANG_ENABLE_OBJC_WEAK = YES;
				CLANG_WARN_BLOCK_CAPTURE_AUTORELEASING = YES;
				CLANG_WARN_BOOL_CONVERSION = YES;
				CLANG_WARN_COMMA = YES;
				CLANG_WARN_CONSTANT_CONVERSION = YES;
				CLANG_WARN_DEPRECATED_OBJC_IMPLEMENTATIONS = YES;
				CLANG_WARN_DIRECT_OBJC_ISA_USAGE = YES_ERROR;
				CLANG_WARN_DOCUMENTATION_COMMENTS = YES;
				CLANG_WARN_EMPTY_BODY = YES;
				CLANG_WARN_ENUM_CONVERSION = YES;
				CLANG_WARN_INFINITE_RECURSION = YES;
				CLANG_WARN_INT_CONVERSION = YES;
				CLANG_WARN_NON_LITERAL_NULL_CONVERSION = YES;
				CLANG_WARN_OBJC_IMPLICIT_RETAIN_SELF = YES;
				CLANG_WARN_OBJC_LITERAL_CONVERSION = YES;
				CLANG_WARN_OBJC_ROOT_CLASS = YES_ERROR;
				CLANG_WARN_RANGE_LOOP_ANALYSIS = YES;
				CLANG_WARN_STRICT_PROTOTYPES = YES;
				CLANG_WARN_SUSPICIOUS_MOVE = YES;
				CLANG_WARN_UNGUARDED_AVAILABILITY = YES_AGGRESSIVE;
				CLANG_WARN_UNREACHABLE_CODE = YES;
				CLANG_WARN__DUPLICATE_METHOD_MATCH = YES;
				COPY_PHASE_STRIP = NO;
				DEBUG_INFORMATION_FORMAT = dwarf;
				ENABLE_STRICT_OBJC_MSGSEND = YES;
				ENABLE_TESTABILITY = YES;
				GCC_C_LANGUAGE_STANDARD = gnu11;
				GCC_DYNAMIC_NO_PIC = NO;
				GCC_NO_COMMON_BLOCKS = YES;
				GCC_OPTIMIZATION_LEVEL = 0;
				GCC_PREPROCESSOR_DEFINITIONS = (
					"DEBUG=1",
					"$(inherited)",
				);
				GCC_WARN_64_TO_32_BIT_CONVERSION = YES;
				GCC_WARN_ABOUT_RETURN_TYPE = YES_ERROR;
				GCC_WARN_UNDECLARED_SELECTOR = YES;
				GCC_WARN_UNINITIALIZED_AUTOS = YES_AGGRESSIVE;
				GCC_WARN_UNUSED_FUNCTION = YES;
				GCC_WARN_UNUSED_VARIABLE = YES;
				IPHONEOS_DEPLOYMENT_TARGET = 13.4;
				MTL_ENABLE_DEBUG_INFO = INCLUDE_SOURCE;
				MTL_FAST_MATH = YES;
				ONLY_ACTIVE_ARCH = YES;
				SDKROOT = iphoneos;
				SWIFT_ACTIVE_COMPILATION_CONDITIONS = DEBUG;
				SWIFT_OPTIMIZATION_LEVEL = "-Onone";
			};
			name = Debug;
		};
		831ED10E246ADE03000FA5E5 /* Release */ = {
			isa = XCBuildConfiguration;
			buildSettings = {
				ALWAYS_SEARCH_USER_PATHS = NO;
				CLANG_ANALYZER_NONNULL = YES;
				CLANG_ANALYZER_NUMBER_OBJECT_CONVERSION = YES_AGGRESSIVE;
				CLANG_CXX_LANGUAGE_STANDARD = "gnu++14";
				CLANG_CXX_LIBRARY = "libc++";
				CLANG_ENABLE_MODULES = YES;
				CLANG_ENABLE_OBJC_ARC = YES;
				CLANG_ENABLE_OBJC_WEAK = YES;
				CLANG_WARN_BLOCK_CAPTURE_AUTORELEASING = YES;
				CLANG_WARN_BOOL_CONVERSION = YES;
				CLANG_WARN_COMMA = YES;
				CLANG_WARN_CONSTANT_CONVERSION = YES;
				CLANG_WARN_DEPRECATED_OBJC_IMPLEMENTATIONS = YES;
				CLANG_WARN_DIRECT_OBJC_ISA_USAGE = YES_ERROR;
				CLANG_WARN_DOCUMENTATION_COMMENTS = YES;
				CLANG_WARN_EMPTY_BODY = YES;
				CLANG_WARN_ENUM_CONVERSION = YES;
				CLANG_WARN_INFINITE_RECURSION = YES;
				CLANG_WARN_INT_CONVERSION = YES;
				CLANG_WARN_NON_LITERAL_NULL_CONVERSION = YES;
				CLANG_WARN_OBJC_IMPLICIT_RETAIN_SELF = YES;
				CLANG_WARN_OBJC_LITERAL_CONVERSION = YES;
				CLANG_WARN_OBJC_ROOT_CLASS = YES_ERROR;
				CLANG_WARN_RANGE_LOOP_ANALYSIS = YES;
				CLANG_WARN_STRICT_PROTOTYPES = YES;
				CLANG_WARN_SUSPICIOUS_MOVE = YES;
				CLANG_WARN_UNGUARDED_AVAILABILITY = YES_AGGRESSIVE;
				CLANG_WARN_UNREACHABLE_CODE = YES;
				CLANG_WARN__DUPLICATE_METHOD_MATCH = YES;
				COPY_PHASE_STRIP = NO;
				DEBUG_INFORMATION_FORMAT = "dwarf-with-dsym";
				ENABLE_NS_ASSERTIONS = NO;
				ENABLE_STRICT_OBJC_MSGSEND = YES;
				GCC_C_LANGUAGE_STANDARD = gnu11;
				GCC_NO_COMMON_BLOCKS = YES;
				GCC_WARN_64_TO_32_BIT_CONVERSION = YES;
				GCC_WARN_ABOUT_RETURN_TYPE = YES_ERROR;
				GCC_WARN_UNDECLARED_SELECTOR = YES;
				GCC_WARN_UNINITIALIZED_AUTOS = YES_AGGRESSIVE;
				GCC_WARN_UNUSED_FUNCTION = YES;
				GCC_WARN_UNUSED_VARIABLE = YES;
				IPHONEOS_DEPLOYMENT_TARGET = 13.4;
				MTL_ENABLE_DEBUG_INFO = NO;
				MTL_FAST_MATH = YES;
				SDKROOT = iphoneos;
				SWIFT_COMPILATION_MODE = wholemodule;
				SWIFT_OPTIMIZATION_LEVEL = "-O";
				VALIDATE_PRODUCT = YES;
			};
			name = Release;
		};
		831ED110246ADE03000FA5E5 /* Debug */ = {
			isa = XCBuildConfiguration;
			baseConfigurationReference = B9D84DD09519ED670C3A9E66 /* Pods-iBike_home.debug.xcconfig */;
			buildSettings = {
				ASSETCATALOG_COMPILER_APPICON_NAME = AppIcon;
				CODE_SIGN_STYLE = Automatic;
				DEVELOPMENT_TEAM = ZT85X8K357;
				INFOPLIST_FILE = iBike_home/Info.plist;
				IPHONEOS_DEPLOYMENT_TARGET = 13.0;
				LD_RUNPATH_SEARCH_PATHS = (
					"$(inherited)",
					"@executable_path/Frameworks",
				);
				PRODUCT_BUNDLE_IDENTIFIER = "com.chris.iBike-home";
				PRODUCT_NAME = "$(TARGET_NAME)";
				SWIFT_VERSION = 5.0;
				TARGETED_DEVICE_FAMILY = "1,2";
			};
			name = Debug;
		};
		831ED111246ADE03000FA5E5 /* Release */ = {
			isa = XCBuildConfiguration;
			baseConfigurationReference = C2321B6C260E661BD525C844 /* Pods-iBike_home.release.xcconfig */;
			buildSettings = {
				ASSETCATALOG_COMPILER_APPICON_NAME = AppIcon;
				CODE_SIGN_STYLE = Automatic;
				DEVELOPMENT_TEAM = ZT85X8K357;
				INFOPLIST_FILE = iBike_home/Info.plist;
				IPHONEOS_DEPLOYMENT_TARGET = 13.0;
				LD_RUNPATH_SEARCH_PATHS = (
					"$(inherited)",
					"@executable_path/Frameworks",
				);
				PRODUCT_BUNDLE_IDENTIFIER = "com.chris.iBike-home";
				PRODUCT_NAME = "$(TARGET_NAME)";
				SWIFT_VERSION = 5.0;
				TARGETED_DEVICE_FAMILY = "1,2";
			};
			name = Release;
		};
/* End XCBuildConfiguration section */

/* Begin XCConfigurationList section */
		831ED0F6246ADE01000FA5E5 /* Build configuration list for PBXProject "iBike_home" */ = {
			isa = XCConfigurationList;
			buildConfigurations = (
				831ED10D246ADE03000FA5E5 /* Debug */,
				831ED10E246ADE03000FA5E5 /* Release */,
			);
			defaultConfigurationIsVisible = 0;
			defaultConfigurationName = Release;
		};
		831ED10F246ADE03000FA5E5 /* Build configuration list for PBXNativeTarget "iBike_home" */ = {
			isa = XCConfigurationList;
			buildConfigurations = (
				831ED110246ADE03000FA5E5 /* Debug */,
				831ED111246ADE03000FA5E5 /* Release */,
			);
			defaultConfigurationIsVisible = 0;
			defaultConfigurationName = Release;
		};
/* End XCConfigurationList section */
	};
	rootObject = 831ED0F3246ADE01000FA5E5 /* Project object */;
}
